
Microsoft Visual Studio Solution File, Format Version 12.00
# Visual Studio Version 17
VisualStudioVersion = 17.0.31903.59
MinimumVisualStudioVersion = 10.0.40219.1
Project("{FAE04EC0-301F-11D3-BF4B-00C04F79EFBC}") = "TradeOps.API", "TradeOps.API\TradeOps.API.csproj", "{5BB7C8ED-7668-4850-BD5A-7F4554ADB108}"
EndProject
Project("{FAE04EC0-301F-11D3-BF4B-00C04F79EFBC}") = "TradeOps.Application", "TradeOps.Application\TradeOps.Application.csproj", "{0CD39B4B-22CF-4B72-81A6-29255AA6E32E}"
EndProject
Project("{FAE04EC0-301F-11D3-BF4B-00C04F79EFBC}") = "TradeOps.Domain", "TradeOps.Domain\TradeOps.Domain.csproj", "{F93A3780-EB9E-411F-A4EA-CF0A876FCE6A}"
EndProject
Project("{FAE04EC0-301F-11D3-BF4B-00C04F79EFBC}") = "TradeOps.Infrastructure", "TradeOps.Infrastructure\TradeOps.Infrastructure.csproj", "{633DEB80-3031-46CD-832A-10E1086F5B0A}"
EndProject
Global
	GlobalSection(SolutionConfigurationPlatforms) = preSolution
		Debug|Any CPU = Debug|Any CPU
		Debug|x64 = Debug|x64
		Debug|x86 = Debug|x86
		Release|Any CPU = Release|Any CPU
		Release|x64 = Release|x64
		Release|x86 = Release|x86
	EndGlobalSection
	GlobalSection(ProjectConfigurationPlatforms) = postSolution
		{5BB7C8ED-7668-4850-BD5A-7F4554ADB108}.Debug|Any CPU.ActiveCfg = Debug|Any CPU
		{5BB7C8ED-7668-4850-BD5A-7F4554ADB108}.Debug|Any CPU.Build.0 = Debug|Any CPU
		{5BB7C8ED-7668-4850-BD5A-7F4554ADB108}.Debug|x64.ActiveCfg = Debug|Any CPU
		{5BB7C8ED-7668-4850-BD5A-7F4554ADB108}.Debug|x64.Build.0 = Debug|Any CPU
		{5BB7C8ED-7668-4850-BD5A-7F4554ADB108}.Debug|x86.ActiveCfg = Debug|Any CPU
		{5BB7C8ED-7668-4850-BD5A-7F4554ADB108}.Debug|x86.Build.0 = Debug|Any CPU
		{5BB7C8ED-7668-4850-BD5A-7F4554ADB108}.Release|Any CPU.ActiveCfg = Release|Any CPU
		{5BB7C8ED-7668-4850-BD5A-7F4554ADB108}.Release|Any CPU.Build.0 = Release|Any CPU
		{5BB7C8ED-7668-4850-BD5A-7F4554ADB108}.Release|x64.ActiveCfg = Release|Any CPU
		{5BB7C8ED-7668-4850-BD5A-7F4554ADB108}.Release|x64.Build.0 = Release|Any CPU
		{5BB7C8ED-7668-4850-BD5A-7F4554ADB108}.Release|x86.ActiveCfg = Release|Any CPU
		{5BB7C8ED-7668-4850-BD5A-7F4554ADB108}.Release|x86.Build.0 = Release|Any CPU
		{0CD39B4B-22CF-4B72-81A6-29255AA6E32E}.Debug|Any CPU.ActiveCfg = Debug|Any CPU
		{0CD39B4B-22CF-4B72-81A6-29255AA6E32E}.Debug|Any CPU.Build.0 = Debug|Any CPU
		{0CD39B4B-22CF-4B72-81A6-29255AA6E32E}.Debug|x64.ActiveCfg = Debug|Any CPU
		{0CD39B4B-22CF-4B72-81A6-29255AA6E32E}.Debug|x64.Build.0 = Debug|Any CPU
		{0CD39B4B-22CF-4B72-81A6-29255AA6E32E}.Debug|x86.ActiveCfg = Debug|Any CPU
		{0CD39B4B-22CF-4B72-81A6-29255AA6E32E}.Debug|x86.Build.0 = Debug|Any CPU
		{0CD39B4B-22CF-4B72-81A6-29255AA6E32E}.Release|Any CPU.ActiveCfg = Release|Any CPU
		{0CD39B4B-22CF-4B72-81A6-29255AA6E32E}.Release|Any CPU.Build.0 = Release|Any CPU
		{0CD39B4B-22CF-4B72-81A6-29255AA6E32E}.Release|x64.ActiveCfg = Release|Any CPU
		{0CD39B4B-22CF-4B72-81A6-29255AA6E32E}.Release|x64.Build.0 = Release|Any CPU
		{0CD39B4B-22CF-4B72-81A6-29255AA6E32E}.Release|x86.ActiveCfg = Release|Any CPU
		{0CD39B4B-22CF-4B72-81A6-29255AA6E32E}.Release|x86.Build.0 = Release|Any CPU
		{F93A3780-EB9E-411F-A4EA-CF0A876FCE6A}.Debug|Any CPU.ActiveCfg = Debug|Any CPU
		{F93A3780-EB9E-411F-A4EA-CF0A876FCE6A}.Debug|Any CPU.Build.0 = Debug|Any CPU
		{F93A3780-EB9E-411F-A4EA-CF0A876FCE6A}.Debug|x64.ActiveCfg = Debug|Any CPU
		{F93A3780-EB9E-411F-A4EA-CF0A876FCE6A}.Debug|x64.Build.0 = Debug|Any CPU
		{F93A3780-EB9E-411F-A4EA-CF0A876FCE6A}.Debug|x86.ActiveCfg = Debug|Any CPU
		{F93A3780-EB9E-411F-A4EA-CF0A876FCE6A}.Debug|x86.Build.0 = Debug|Any CPU
		{F93A3780-EB9E-411F-A4EA-CF0A876FCE6A}.Release|Any CPU.ActiveCfg = Release|Any CPU
		{F93A3780-EB9E-411F-A4EA-CF0A876FCE6A}.Release|Any CPU.Build.0 = Release|Any CPU
		{F93A3780-EB9E-411F-A4EA-CF0A876FCE6A}.Release|x64.ActiveCfg = Release|Any CPU
		{F93A3780-EB9E-411F-A4EA-CF0A876FCE6A}.Release|x64.Build.0 = Release|Any CPU
		{F93A3780-EB9E-411F-A4EA-CF0A876FCE6A}.Release|x86.ActiveCfg = Release|Any CPU
		{F93A3780-EB9E-411F-A4EA-CF0A876FCE6A}.Release|x86.Build.0 = Release|Any CPU
		{633DEB80-3031-46CD-832A-10E1086F5B0A}.Debug|Any CPU.ActiveCfg = Debug|Any CPU
		{633DEB80-3031-46CD-832A-10E1086F5B0A}.Debug|Any CPU.Build.0 = Debug|Any CPU
		{633DEB80-3031-46CD-832A-10E1086F5B0A}.Debug|x64.ActiveCfg = Debug|Any CPU
		{633DEB80-3031-46CD-832A-10E1086F5B0A}.Debug|x64.Build.0 = Debug|Any CPU
		{633DEB80-3031-46CD-832A-10E1086F5B0A}.Debug|x86.ActiveCfg = Debug|Any CPU
		{633DEB80-3031-46CD-832A-10E1086F5B0A}.Debug|x86.Build.0 = Debug|Any CPU
		{633DEB80-3031-46CD-832A-10E1086F5B0A}.Release|Any CPU.ActiveCfg = Release|Any CPU
		{633DEB80-3031-46CD-832A-10E1086F5B0A}.Release|Any CPU.Build.0 = Release|Any CPU
		{633DEB80-3031-46CD-832A-10E1086F5B0A}.Release|x64.ActiveCfg = Release|Any CPU
		{633DEB80-3031-46CD-832A-10E1086F5B0A}.Release|x64.Build.0 = Release|Any CPU
		{633DEB80-3031-46CD-832A-10E1086F5B0A}.Release|x86.ActiveCfg = Release|Any CPU
		{633DEB80-3031-46CD-832A-10E1086F5B0A}.Release|x86.Build.0 = Release|Any CPU
	EndGlobalSection
	GlobalSection(SolutionProperties) = preSolution
		HideSolutionNode = FALSE
	EndGlobalSection
EndGlobal
